
Microsoft Visual Studio Solution File, Format Version 12.00
# Visual Studio Version 17
VisualStudioVersion = 17.7.34031.279
MinimumVisualStudioVersion = 10.0.40219.1
Project("{888888A0-9F3D-457C-B088-3A5042F75D52}") = "todowooo", "todowooo.pyproj", "{3DEE66A5-530E-4725-B633-32F6CEDACCD0}"
EndProject
Global
	GlobalSection(SolutionConfigurationPlatforms) = preSolution
		Debug|Any CPU = Debug|Any CPU
		Release|Any CPU = Release|Any CPU
	EndGlobalSection
	GlobalSection(ProjectConfigurationPlatforms) = postSolution
		{3DEE66A5-530E-4725-B633-32F6CEDACCD0}.Debug|Any CPU.ActiveCfg = Debug|Any CPU
		{3DEE66A5-530E-4725-B633-32F6CEDACCD0}.Debug|Any CPU.Build.0 = Debug|Any CPU
		{3DEE66A5-530E-4725-B633-32F6CEDACCD0}.Release|Any CPU.ActiveCfg = Release|Any CPU
		{3DEE66A5-530E-4725-B633-32F6CEDACCD0}.Release|Any CPU.Build.0 = Release|Any CPU
	EndGlobalSection
	GlobalSection(SolutionProperties) = preSolution
		HideSolutionNode = FALSE
	EndGlobalSection
	GlobalSection(ExtensibilityGlobals) = postSolution
		SolutionGuid = {B8BCC4EB-485A-4594-94A1-6F17F97600EB}
	EndGlobalSection
EndGlobal
